// !$*UTF8*$!
{
	archiveVersion = 1;
	classes = {
	};
	objectVersion = 50;
	objects = {

/* Begin PBXBuildFile section */
		103C6E3D65AC93A6FE7962EE /* Pods_Flanelinha.framework in Frameworks */ = {isa = PBXBuildFile; fileRef = 0C2D10AF630C6FF355193415 /* Pods_Flanelinha.framework */; };
		413A796321AEFF22001D79DD /* Location.swift in Sources */ = {isa = PBXBuildFile; fileRef = 413A796221AEFF22001D79DD /* Location.swift */; };
		4165DEB621AC80F800C74F2E /* LocationTableViewCell.swift in Sources */ = {isa = PBXBuildFile; fileRef = 4165DEB521AC80F800C74F2E /* LocationTableViewCell.swift */; };
		4165FEB021C3134500490228 /* GoogleService-Info.plist in Resources */ = {isa = PBXBuildFile; fileRef = 4165FEAF21C3134500490228 /* GoogleService-Info.plist */; };
		416AFED021B8326200F9E8B6 /* ParkingCollectionViewCell.swift in Sources */ = {isa = PBXBuildFile; fileRef = 416AFECF21B8326200F9E8B6 /* ParkingCollectionViewCell.swift */; };
		416AFF1D21B9723C00F9E8B6 /* Player.swift in Sources */ = {isa = PBXBuildFile; fileRef = 416AFF1C21B9723C00F9E8B6 /* Player.swift */; };
		416AFF1F21B9B3EC00F9E8B6 /* PlayerMarkerView.xib in Resources */ = {isa = PBXBuildFile; fileRef = 416AFF1E21B9B3EC00F9E8B6 /* PlayerMarkerView.xib */; };
		416AFF2121B9B40C00F9E8B6 /* PlayerMarkerView.swift in Sources */ = {isa = PBXBuildFile; fileRef = 416AFF2021B9B40C00F9E8B6 /* PlayerMarkerView.swift */; };
		417453B721A84EDF00918180 /* ParkingMarkerView.xib in Resources */ = {isa = PBXBuildFile; fileRef = 417453B621A84EDF00918180 /* ParkingMarkerView.xib */; };
		417453B921A85E9100918180 /* CurrentLocationMarkerView.swift in Sources */ = {isa = PBXBuildFile; fileRef = 417453B821A85E9100918180 /* CurrentLocationMarkerView.swift */; };
		417453BB21A883B400918180 /* ParkingMarkerView.swift in Sources */ = {isa = PBXBuildFile; fileRef = 417453BA21A883B400918180 /* ParkingMarkerView.swift */; };
		419FF3E821A5E26200977C34 /* OptionCollectionViewCell.swift in Sources */ = {isa = PBXBuildFile; fileRef = 419FF3E721A5E26200977C34 /* OptionCollectionViewCell.swift */; };
		41A4EFB921B1A97C00862F7A /* SelectedParkingMarkerView.swift in Sources */ = {isa = PBXBuildFile; fileRef = 41A4EFB821B1A97C00862F7A /* SelectedParkingMarkerView.swift */; };
		41A4EFBA21B1AB6400862F7A /* SelectedParkingMarkerView.xib in Resources */ = {isa = PBXBuildFile; fileRef = 41A4EFB721B1A93F00862F7A /* SelectedParkingMarkerView.xib */; };
		41AC3CAA21A31E9300A32DCC /* AppDelegate.swift in Sources */ = {isa = PBXBuildFile; fileRef = 41AC3CA921A31E9300A32DCC /* AppDelegate.swift */; };
		41AC3CAC21A31E9300A32DCC /* MapViewController.swift in Sources */ = {isa = PBXBuildFile; fileRef = 41AC3CAB21A31E9300A32DCC /* MapViewController.swift */; };
		41AC3CAF21A31E9300A32DCC /* Main.storyboard in Resources */ = {isa = PBXBuildFile; fileRef = 41AC3CAD21A31E9300A32DCC /* Main.storyboard */; };
		41AC3CB221A31E9300A32DCC /* Flanelinha.xcdatamodeld in Sources */ = {isa = PBXBuildFile; fileRef = 41AC3CB021A31E9300A32DCC /* Flanelinha.xcdatamodeld */; };
		41AC3CB421A31E9600A32DCC /* Assets.xcassets in Resources */ = {isa = PBXBuildFile; fileRef = 41AC3CB321A31E9600A32DCC /* Assets.xcassets */; };
		41AC3CB721A31E9600A32DCC /* LaunchScreen.storyboard in Resources */ = {isa = PBXBuildFile; fileRef = 41AC3CB521A31E9600A32DCC /* LaunchScreen.storyboard */; };
		41AC3CC221A31E9600A32DCC /* FlanelinhaTests.swift in Sources */ = {isa = PBXBuildFile; fileRef = 41AC3CC121A31E9600A32DCC /* FlanelinhaTests.swift */; };
		41AC3CCD21A31E9600A32DCC /* FlanelinhaUITests.swift in Sources */ = {isa = PBXBuildFile; fileRef = 41AC3CCC21A31E9600A32DCC /* FlanelinhaUITests.swift */; };
		41AC3CE321A36E5600A32DCC /* dark.json in Resources */ = {isa = PBXBuildFile; fileRef = 41AC3CE221A36DD200A32DCC /* dark.json */; };
		6DEFC857D10F5CD5E9006EC3 /* Pods_FlanelinhaTests.framework in Frameworks */ = {isa = PBXBuildFile; fileRef = C330FE10952517B099AADFDB /* Pods_FlanelinhaTests.framework */; };
		FC0DA3684E3BDDF30CD6A544 /* Pods_FlanelinhaUITests.framework in Frameworks */ = {isa = PBXBuildFile; fileRef = D99F94A17677D1580C817F09 /* Pods_FlanelinhaUITests.framework */; };
/* End PBXBuildFile section */

/* Begin PBXContainerItemProxy section */
		41AC3CBE21A31E9600A32DCC /* PBXContainerItemProxy */ = {
			isa = PBXContainerItemProxy;
			containerPortal = 41AC3C9E21A31E9300A32DCC /* Project object */;
			proxyType = 1;
			remoteGlobalIDString = 41AC3CA521A31E9300A32DCC;
			remoteInfo = Flanelinha;
		};
		41AC3CC921A31E9600A32DCC /* PBXContainerItemProxy */ = {
			isa = PBXContainerItemProxy;
			containerPortal = 41AC3C9E21A31E9300A32DCC /* Project object */;
			proxyType = 1;
			remoteGlobalIDString = 41AC3CA521A31E9300A32DCC;
			remoteInfo = Flanelinha;
		};
/* End PBXContainerItemProxy section */

/* Begin PBXFileReference section */
		0C2D10AF630C6FF355193415 /* Pods_Flanelinha.framework */ = {isa = PBXFileReference; explicitFileType = wrapper.framework; includeInIndex = 0; path = Pods_Flanelinha.framework; sourceTree = BUILT_PRODUCTS_DIR; };
		413A796221AEFF22001D79DD /* Location.swift */ = {isa = PBXFileReference; lastKnownFileType = sourcecode.swift; path = Location.swift; sourceTree = "<group>"; };
		4165DEB521AC80F800C74F2E /* LocationTableViewCell.swift */ = {isa = PBXFileReference; lastKnownFileType = sourcecode.swift; path = LocationTableViewCell.swift; sourceTree = "<group>"; };
		4165FEAF21C3134500490228 /* GoogleService-Info.plist */ = {isa = PBXFileReference; fileEncoding = 4; lastKnownFileType = text.plist.xml; path = "GoogleService-Info.plist"; sourceTree = "<group>"; };
		416AFECF21B8326200F9E8B6 /* ParkingCollectionViewCell.swift */ = {isa = PBXFileReference; lastKnownFileType = sourcecode.swift; path = ParkingCollectionViewCell.swift; sourceTree = "<group>"; };
		416AFF1C21B9723C00F9E8B6 /* Player.swift */ = {isa = PBXFileReference; lastKnownFileType = sourcecode.swift; path = Player.swift; sourceTree = "<group>"; };
		416AFF1E21B9B3EC00F9E8B6 /* PlayerMarkerView.xib */ = {isa = PBXFileReference; lastKnownFileType = file.xib; path = PlayerMarkerView.xib; sourceTree = "<group>"; };
		416AFF2021B9B40C00F9E8B6 /* PlayerMarkerView.swift */ = {isa = PBXFileReference; lastKnownFileType = sourcecode.swift; path = PlayerMarkerView.swift; sourceTree = "<group>"; };
		417453B621A84EDF00918180 /* ParkingMarkerView.xib */ = {isa = PBXFileReference; lastKnownFileType = file.xib; path = ParkingMarkerView.xib; sourceTree = "<group>"; };
		417453B821A85E9100918180 /* CurrentLocationMarkerView.swift */ = {isa = PBXFileReference; lastKnownFileType = sourcecode.swift; path = CurrentLocationMarkerView.swift; sourceTree = "<group>"; };
		417453BA21A883B400918180 /* ParkingMarkerView.swift */ = {isa = PBXFileReference; lastKnownFileType = sourcecode.swift; path = ParkingMarkerView.swift; sourceTree = "<group>"; };
		419FF3E721A5E26200977C34 /* OptionCollectionViewCell.swift */ = {isa = PBXFileReference; lastKnownFileType = sourcecode.swift; path = OptionCollectionViewCell.swift; sourceTree = "<group>"; };
		41A4EFB721B1A93F00862F7A /* SelectedParkingMarkerView.xib */ = {isa = PBXFileReference; lastKnownFileType = file.xib; path = SelectedParkingMarkerView.xib; sourceTree = "<group>"; };
		41A4EFB821B1A97C00862F7A /* SelectedParkingMarkerView.swift */ = {isa = PBXFileReference; lastKnownFileType = sourcecode.swift; path = SelectedParkingMarkerView.swift; sourceTree = "<group>"; };
		41AC3CA621A31E9300A32DCC /* Flanelinha.app */ = {isa = PBXFileReference; explicitFileType = wrapper.application; includeInIndex = 0; path = Flanelinha.app; sourceTree = BUILT_PRODUCTS_DIR; };
		41AC3CA921A31E9300A32DCC /* AppDelegate.swift */ = {isa = PBXFileReference; lastKnownFileType = sourcecode.swift; path = AppDelegate.swift; sourceTree = "<group>"; };
		41AC3CAB21A31E9300A32DCC /* MapViewController.swift */ = {isa = PBXFileReference; lastKnownFileType = sourcecode.swift; path = MapViewController.swift; sourceTree = "<group>"; };
		41AC3CAE21A31E9300A32DCC /* Base */ = {isa = PBXFileReference; lastKnownFileType = file.storyboard; name = Base; path = Base.lproj/Main.storyboard; sourceTree = "<group>"; };
		41AC3CB121A31E9300A32DCC /* Flanelinha.xcdatamodel */ = {isa = PBXFileReference; lastKnownFileType = wrapper.xcdatamodel; path = Flanelinha.xcdatamodel; sourceTree = "<group>"; };
		41AC3CB321A31E9600A32DCC /* Assets.xcassets */ = {isa = PBXFileReference; lastKnownFileType = folder.assetcatalog; path = Assets.xcassets; sourceTree = "<group>"; };
		41AC3CB621A31E9600A32DCC /* Base */ = {isa = PBXFileReference; lastKnownFileType = file.storyboard; name = Base; path = Base.lproj/LaunchScreen.storyboard; sourceTree = "<group>"; };
		41AC3CB821A31E9600A32DCC /* Info.plist */ = {isa = PBXFileReference; lastKnownFileType = text.plist.xml; path = Info.plist; sourceTree = "<group>"; };
		41AC3CBD21A31E9600A32DCC /* FlanelinhaTests.xctest */ = {isa = PBXFileReference; explicitFileType = wrapper.cfbundle; includeInIndex = 0; path = FlanelinhaTests.xctest; sourceTree = BUILT_PRODUCTS_DIR; };
		41AC3CC121A31E9600A32DCC /* FlanelinhaTests.swift */ = {isa = PBXFileReference; lastKnownFileType = sourcecode.swift; path = FlanelinhaTests.swift; sourceTree = "<group>"; };
		41AC3CC321A31E9600A32DCC /* Info.plist */ = {isa = PBXFileReference; lastKnownFileType = text.plist.xml; path = Info.plist; sourceTree = "<group>"; };
		41AC3CC821A31E9600A32DCC /* FlanelinhaUITests.xctest */ = {isa = PBXFileReference; explicitFileType = wrapper.cfbundle; includeInIndex = 0; path = FlanelinhaUITests.xctest; sourceTree = BUILT_PRODUCTS_DIR; };
		41AC3CCC21A31E9600A32DCC /* FlanelinhaUITests.swift */ = {isa = PBXFileReference; lastKnownFileType = sourcecode.swift; path = FlanelinhaUITests.swift; sourceTree = "<group>"; };
		41AC3CCE21A31E9600A32DCC /* Info.plist */ = {isa = PBXFileReference; lastKnownFileType = text.plist.xml; path = Info.plist; sourceTree = "<group>"; };
		41AC3CE221A36DD200A32DCC /* dark.json */ = {isa = PBXFileReference; lastKnownFileType = text.json; path = dark.json; sourceTree = "<group>"; };
		525DE51CA4A592D4C6912BBB /* Pods-FlanelinhaUITests.debug.xcconfig */ = {isa = PBXFileReference; includeInIndex = 1; lastKnownFileType = text.xcconfig; name = "Pods-FlanelinhaUITests.debug.xcconfig"; path = "Pods/Target Support Files/Pods-FlanelinhaUITests/Pods-FlanelinhaUITests.debug.xcconfig"; sourceTree = "<group>"; };
		6CD165B221721F1C8A824748 /* Pods-FlanelinhaTests.release.xcconfig */ = {isa = PBXFileReference; includeInIndex = 1; lastKnownFileType = text.xcconfig; name = "Pods-FlanelinhaTests.release.xcconfig"; path = "Pods/Target Support Files/Pods-FlanelinhaTests/Pods-FlanelinhaTests.release.xcconfig"; sourceTree = "<group>"; };
		AF2E9D15651F0D86B54171D7 /* Pods-Flanelinha.debug.xcconfig */ = {isa = PBXFileReference; includeInIndex = 1; lastKnownFileType = text.xcconfig; name = "Pods-Flanelinha.debug.xcconfig"; path = "Pods/Target Support Files/Pods-Flanelinha/Pods-Flanelinha.debug.xcconfig"; sourceTree = "<group>"; };
		C330FE10952517B099AADFDB /* Pods_FlanelinhaTests.framework */ = {isa = PBXFileReference; explicitFileType = wrapper.framework; includeInIndex = 0; path = Pods_FlanelinhaTests.framework; sourceTree = BUILT_PRODUCTS_DIR; };
		D2F42054B8B0BA09B666F573 /* Pods-FlanelinhaTests.debug.xcconfig */ = {isa = PBXFileReference; includeInIndex = 1; lastKnownFileType = text.xcconfig; name = "Pods-FlanelinhaTests.debug.xcconfig"; path = "Pods/Target Support Files/Pods-FlanelinhaTests/Pods-FlanelinhaTests.debug.xcconfig"; sourceTree = "<group>"; };
		D334531E1486521C0BABF253 /* Pods-FlanelinhaUITests.release.xcconfig */ = {isa = PBXFileReference; includeInIndex = 1; lastKnownFileType = text.xcconfig; name = "Pods-FlanelinhaUITests.release.xcconfig"; path = "Pods/Target Support Files/Pods-FlanelinhaUITests/Pods-FlanelinhaUITests.release.xcconfig"; sourceTree = "<group>"; };
		D6E420A168A2B7C183C9EA1E /* Pods-Flanelinha.release.xcconfig */ = {isa = PBXFileReference; includeInIndex = 1; lastKnownFileType = text.xcconfig; name = "Pods-Flanelinha.release.xcconfig"; path = "Pods/Target Support Files/Pods-Flanelinha/Pods-Flanelinha.release.xcconfig"; sourceTree = "<group>"; };
		D99F94A17677D1580C817F09 /* Pods_FlanelinhaUITests.framework */ = {isa = PBXFileReference; explicitFileType = wrapper.framework; includeInIndex = 0; path = Pods_FlanelinhaUITests.framework; sourceTree = BUILT_PRODUCTS_DIR; };
/* End PBXFileReference section */

/* Begin PBXFrameworksBuildPhase section */
		41AC3CA321A31E9300A32DCC /* Frameworks */ = {
			isa = PBXFrameworksBuildPhase;
			buildActionMask = 2147483647;
			files = (
				103C6E3D65AC93A6FE7962EE /* Pods_Flanelinha.framework in Frameworks */,
			);
			runOnlyForDeploymentPostprocessing = 0;
		};
		41AC3CBA21A31E9600A32DCC /* Frameworks */ = {
			isa = PBXFrameworksBuildPhase;
			buildActionMask = 2147483647;
			files = (
				6DEFC857D10F5CD5E9006EC3 /* Pods_FlanelinhaTests.framework in Frameworks */,
			);
			runOnlyForDeploymentPostprocessing = 0;
		};
		41AC3CC521A31E9600A32DCC /* Frameworks */ = {
			isa = PBXFrameworksBuildPhase;
			buildActionMask = 2147483647;
			files = (
				FC0DA3684E3BDDF30CD6A544 /* Pods_FlanelinhaUITests.framework in Frameworks */,
			);
			runOnlyForDeploymentPostprocessing = 0;
		};
/* End PBXFrameworksBuildPhase section */

/* Begin PBXGroup section */
		3A142F1059E4086350981FF2 /* Pods */ = {
			isa = PBXGroup;
			children = (
				AF2E9D15651F0D86B54171D7 /* Pods-Flanelinha.debug.xcconfig */,
				D6E420A168A2B7C183C9EA1E /* Pods-Flanelinha.release.xcconfig */,
				D2F42054B8B0BA09B666F573 /* Pods-FlanelinhaTests.debug.xcconfig */,
				6CD165B221721F1C8A824748 /* Pods-FlanelinhaTests.release.xcconfig */,
				525DE51CA4A592D4C6912BBB /* Pods-FlanelinhaUITests.debug.xcconfig */,
				D334531E1486521C0BABF253 /* Pods-FlanelinhaUITests.release.xcconfig */,
			);
			name = Pods;
			sourceTree = "<group>";
		};
		413A796121AEFF0D001D79DD /* Models */ = {
			isa = PBXGroup;
			children = (
				413A796221AEFF22001D79DD /* Location.swift */,
				416AFF1C21B9723C00F9E8B6 /* Player.swift */,
			);
			path = Models;
			sourceTree = "<group>";
		};
		419FF3E521A5E22800977C34 /* Views */ = {
			isa = PBXGroup;
			children = (
				419FF3E621A5E22D00977C34 /* Cells */,
				417453B821A85E9100918180 /* CurrentLocationMarkerView.swift */,
				417453BA21A883B400918180 /* ParkingMarkerView.swift */,
				417453B621A84EDF00918180 /* ParkingMarkerView.xib */,
				416AFF2021B9B40C00F9E8B6 /* PlayerMarkerView.swift */,
				416AFF1E21B9B3EC00F9E8B6 /* PlayerMarkerView.xib */,
				41A4EFB821B1A97C00862F7A /* SelectedParkingMarkerView.swift */,
				41A4EFB721B1A93F00862F7A /* SelectedParkingMarkerView.xib */,
			);
			path = Views;
			sourceTree = "<group>";
		};
		419FF3E621A5E22D00977C34 /* Cells */ = {
			isa = PBXGroup;
			children = (
				4165DEB521AC80F800C74F2E /* LocationTableViewCell.swift */,
				419FF3E721A5E26200977C34 /* OptionCollectionViewCell.swift */,
				416AFECF21B8326200F9E8B6 /* ParkingCollectionViewCell.swift */,
			);
			path = Cells;
			sourceTree = "<group>";
		};
		41AC3C9D21A31E9300A32DCC = {
			isa = PBXGroup;
			children = (
				41AC3CA821A31E9300A32DCC /* Flanelinha */,
				41AC3CC021A31E9600A32DCC /* FlanelinhaTests */,
				41AC3CCB21A31E9600A32DCC /* FlanelinhaUITests */,
				41AC3CA721A31E9300A32DCC /* Products */,
				3A142F1059E4086350981FF2 /* Pods */,
				B1C922C13490B413EAD0482F /* Frameworks */,
			);
			sourceTree = "<group>";
		};
		41AC3CA721A31E9300A32DCC /* Products */ = {
			isa = PBXGroup;
			children = (
				41AC3CA621A31E9300A32DCC /* Flanelinha.app */,
				41AC3CBD21A31E9600A32DCC /* FlanelinhaTests.xctest */,
				41AC3CC821A31E9600A32DCC /* FlanelinhaUITests.xctest */,
			);
			name = Products;
			sourceTree = "<group>";
		};
		41AC3CA821A31E9300A32DCC /* Flanelinha */ = {
			isa = PBXGroup;
			children = (
				41AC3CB321A31E9600A32DCC /* Assets.xcassets */,
				41AC3CE221A36DD200A32DCC /* dark.json */,
				4165FEAF21C3134500490228 /* GoogleService-Info.plist */,
				41AC3CB821A31E9600A32DCC /* Info.plist */,
				41AC3CDB21A326F100A32DCC /* Resources */,
				41AC3CDC21A326FC00A32DCC /* Sources */,
				41AC3CDE21A3272E00A32DCC /* Storyboards */,
				41AC3CDF21A3275000A32DCC /* Supporting Files */,
			);
			path = Flanelinha;
			sourceTree = "<group>";
		};
		41AC3CC021A31E9600A32DCC /* FlanelinhaTests */ = {
			isa = PBXGroup;
			children = (
				41AC3CC121A31E9600A32DCC /* FlanelinhaTests.swift */,
				41AC3CC321A31E9600A32DCC /* Info.plist */,
			);
			path = FlanelinhaTests;
			sourceTree = "<group>";
		};
		41AC3CCB21A31E9600A32DCC /* FlanelinhaUITests */ = {
			isa = PBXGroup;
			children = (
				41AC3CCC21A31E9600A32DCC /* FlanelinhaUITests.swift */,
				41AC3CCE21A31E9600A32DCC /* Info.plist */,
			);
			path = FlanelinhaUITests;
			sourceTree = "<group>";
		};
		41AC3CDB21A326F100A32DCC /* Resources */ = {
			isa = PBXGroup;
			children = (
			);
			path = Resources;
			sourceTree = "<group>";
		};
		41AC3CDC21A326FC00A32DCC /* Sources */ = {
			isa = PBXGroup;
			children = (
				41AC3CE021A327C700A32DCC /* Data */,
				41AC3CDD21A3271300A32DCC /* View Controllers */,
				419FF3E521A5E22800977C34 /* Views */,
			);
			path = Sources;
			sourceTree = "<group>";
		};
		41AC3CDD21A3271300A32DCC /* View Controllers */ = {
			isa = PBXGroup;
			children = (
				41AC3CAB21A31E9300A32DCC /* MapViewController.swift */,
			);
			path = "View Controllers";
			sourceTree = "<group>";
		};
		41AC3CDE21A3272E00A32DCC /* Storyboards */ = {
			isa = PBXGroup;
			children = (
				41AC3CB521A31E9600A32DCC /* LaunchScreen.storyboard */,
				41AC3CAD21A31E9300A32DCC /* Main.storyboard */,
			);
			path = Storyboards;
			sourceTree = "<group>";
		};
		41AC3CDF21A3275000A32DCC /* Supporting Files */ = {
			isa = PBXGroup;
			children = (
				41AC3CA921A31E9300A32DCC /* AppDelegate.swift */,
			);
			path = "Supporting Files";
			sourceTree = "<group>";
		};
		41AC3CE021A327C700A32DCC /* Data */ = {
			isa = PBXGroup;
			children = (
				41AC3CE121A327E400A32DCC /* Core Data */,
				413A796121AEFF0D001D79DD /* Models */,
			);
			path = Data;
			sourceTree = "<group>";
		};
		41AC3CE121A327E400A32DCC /* Core Data */ = {
			isa = PBXGroup;
			children = (
				41AC3CB021A31E9300A32DCC /* Flanelinha.xcdatamodeld */,
			);
			path = "Core Data";
			sourceTree = "<group>";
		};
		B1C922C13490B413EAD0482F /* Frameworks */ = {
			isa = PBXGroup;
			children = (
				0C2D10AF630C6FF355193415 /* Pods_Flanelinha.framework */,
				C330FE10952517B099AADFDB /* Pods_FlanelinhaTests.framework */,
				D99F94A17677D1580C817F09 /* Pods_FlanelinhaUITests.framework */,
			);
			name = Frameworks;
			sourceTree = "<group>";
		};
/* End PBXGroup section */

/* Begin PBXNativeTarget section */
		41AC3CA521A31E9300A32DCC /* Flanelinha */ = {
			isa = PBXNativeTarget;
			buildConfigurationList = 41AC3CD121A31E9600A32DCC /* Build configuration list for PBXNativeTarget "Flanelinha" */;
			buildPhases = (
				E878FBEA03C84E832CC55038 /* [CP] Check Pods Manifest.lock */,
				41AC3CA221A31E9300A32DCC /* Sources */,
				41AC3CA321A31E9300A32DCC /* Frameworks */,
				41AC3CA421A31E9300A32DCC /* Resources */,
				525725422F906A3DF893C1F4 /* [CP] Embed Pods Frameworks */,
				F3D3A451ED4E2BE925AC97D0 /* [CP] Copy Pods Resources */,
			);
			buildRules = (
			);
			dependencies = (
			);
			name = Flanelinha;
			productName = Flanelinha;
			productReference = 41AC3CA621A31E9300A32DCC /* Flanelinha.app */;
			productType = "com.apple.product-type.application";
		};
		41AC3CBC21A31E9600A32DCC /* FlanelinhaTests */ = {
			isa = PBXNativeTarget;
			buildConfigurationList = 41AC3CD421A31E9700A32DCC /* Build configuration list for PBXNativeTarget "FlanelinhaTests" */;
			buildPhases = (
				007F33D9F259E581CC42CA9B /* [CP] Check Pods Manifest.lock */,
				41AC3CB921A31E9600A32DCC /* Sources */,
				41AC3CBA21A31E9600A32DCC /* Frameworks */,
				41AC3CBB21A31E9600A32DCC /* Resources */,
			);
			buildRules = (
			);
			dependencies = (
				41AC3CBF21A31E9600A32DCC /* PBXTargetDependency */,
			);
			name = FlanelinhaTests;
			productName = FlanelinhaTests;
			productReference = 41AC3CBD21A31E9600A32DCC /* FlanelinhaTests.xctest */;
			productType = "com.apple.product-type.bundle.unit-test";
		};
		41AC3CC721A31E9600A32DCC /* FlanelinhaUITests */ = {
			isa = PBXNativeTarget;
			buildConfigurationList = 41AC3CD721A31E9700A32DCC /* Build configuration list for PBXNativeTarget "FlanelinhaUITests" */;
			buildPhases = (
				4066A89EEB2978A9A00E7FDF /* [CP] Check Pods Manifest.lock */,
				41AC3CC421A31E9600A32DCC /* Sources */,
				41AC3CC521A31E9600A32DCC /* Frameworks */,
				41AC3CC621A31E9600A32DCC /* Resources */,
			);
			buildRules = (
			);
			dependencies = (
				41AC3CCA21A31E9600A32DCC /* PBXTargetDependency */,
			);
			name = FlanelinhaUITests;
			productName = FlanelinhaUITests;
			productReference = 41AC3CC821A31E9600A32DCC /* FlanelinhaUITests.xctest */;
			productType = "com.apple.product-type.bundle.ui-testing";
		};
/* End PBXNativeTarget section */

/* Begin PBXProject section */
		41AC3C9E21A31E9300A32DCC /* Project object */ = {
			isa = PBXProject;
			attributes = {
				LastSwiftUpdateCheck = 1010;
				LastUpgradeCheck = 1010;
				ORGANIZATIONNAME = "Raul Brito";
				TargetAttributes = {
					41AC3CA521A31E9300A32DCC = {
						CreatedOnToolsVersion = 10.1;
					};
					41AC3CBC21A31E9600A32DCC = {
						CreatedOnToolsVersion = 10.1;
						TestTargetID = 41AC3CA521A31E9300A32DCC;
					};
					41AC3CC721A31E9600A32DCC = {
						CreatedOnToolsVersion = 10.1;
						TestTargetID = 41AC3CA521A31E9300A32DCC;
					};
				};
			};
			buildConfigurationList = 41AC3CA121A31E9300A32DCC /* Build configuration list for PBXProject "Flanelinha" */;
			compatibilityVersion = "Xcode 9.3";
			developmentRegion = en;
			hasScannedForEncodings = 0;
			knownRegions = (
				en,
				Base,
			);
			mainGroup = 41AC3C9D21A31E9300A32DCC;
			productRefGroup = 41AC3CA721A31E9300A32DCC /* Products */;
			projectDirPath = "";
			projectRoot = "";
			targets = (
				41AC3CA521A31E9300A32DCC /* Flanelinha */,
				41AC3CBC21A31E9600A32DCC /* FlanelinhaTests */,
				41AC3CC721A31E9600A32DCC /* FlanelinhaUITests */,
			);
		};
/* End PBXProject section */

/* Begin PBXResourcesBuildPhase section */
		41AC3CA421A31E9300A32DCC /* Resources */ = {
			isa = PBXResourcesBuildPhase;
			buildActionMask = 2147483647;
			files = (
				41AC3CB721A31E9600A32DCC /* LaunchScreen.storyboard in Resources */,
				417453B721A84EDF00918180 /* ParkingMarkerView.xib in Resources */,
				41A4EFBA21B1AB6400862F7A /* SelectedParkingMarkerView.xib in Resources */,
				41AC3CB421A31E9600A32DCC /* Assets.xcassets in Resources */,
				4165FEB021C3134500490228 /* GoogleService-Info.plist in Resources */,
				41AC3CAF21A31E9300A32DCC /* Main.storyboard in Resources */,
				41AC3CE321A36E5600A32DCC /* dark.json in Resources */,
				416AFF1F21B9B3EC00F9E8B6 /* PlayerMarkerView.xib in Resources */,
			);
			runOnlyForDeploymentPostprocessing = 0;
		};
		41AC3CBB21A31E9600A32DCC /* Resources */ = {
			isa = PBXResourcesBuildPhase;
			buildActionMask = 2147483647;
			files = (
			);
			runOnlyForDeploymentPostprocessing = 0;
		};
		41AC3CC621A31E9600A32DCC /* Resources */ = {
			isa = PBXResourcesBuildPhase;
			buildActionMask = 2147483647;
			files = (
			);
			runOnlyForDeploymentPostprocessing = 0;
		};
/* End PBXResourcesBuildPhase section */

/* Begin PBXShellScriptBuildPhase section */
		007F33D9F259E581CC42CA9B /* [CP] Check Pods Manifest.lock */ = {
			isa = PBXShellScriptBuildPhase;
			buildActionMask = 2147483647;
			files = (
			);
			inputFileListPaths = (
			);
			inputPaths = (
				"${PODS_PODFILE_DIR_PATH}/Podfile.lock",
				"${PODS_ROOT}/Manifest.lock",
			);
			name = "[CP] Check Pods Manifest.lock";
			outputFileListPaths = (
			);
			outputPaths = (
				"$(DERIVED_FILE_DIR)/Pods-FlanelinhaTests-checkManifestLockResult.txt",
			);
			runOnlyForDeploymentPostprocessing = 0;
			shellPath = /bin/sh;
			shellScript = "diff \"${PODS_PODFILE_DIR_PATH}/Podfile.lock\" \"${PODS_ROOT}/Manifest.lock\" > /dev/null\nif [ $? != 0 ] ; then\n    # print error to STDERR\n    echo \"error: The sandbox is not in sync with the Podfile.lock. Run 'pod install' or update your CocoaPods installation.\" >&2\n    exit 1\nfi\n# This output is used by Xcode 'outputs' to avoid re-running this script phase.\necho \"SUCCESS\" > \"${SCRIPT_OUTPUT_FILE_0}\"\n";
			showEnvVarsInLog = 0;
		};
		4066A89EEB2978A9A00E7FDF /* [CP] Check Pods Manifest.lock */ = {
			isa = PBXShellScriptBuildPhase;
			buildActionMask = 2147483647;
			files = (
			);
			inputFileListPaths = (
			);
			inputPaths = (
				"${PODS_PODFILE_DIR_PATH}/Podfile.lock",
				"${PODS_ROOT}/Manifest.lock",
			);
			name = "[CP] Check Pods Manifest.lock";
			outputFileListPaths = (
			);
			outputPaths = (
				"$(DERIVED_FILE_DIR)/Pods-FlanelinhaUITests-checkManifestLockResult.txt",
			);
			runOnlyForDeploymentPostprocessing = 0;
			shellPath = /bin/sh;
			shellScript = "diff \"${PODS_PODFILE_DIR_PATH}/Podfile.lock\" \"${PODS_ROOT}/Manifest.lock\" > /dev/null\nif [ $? != 0 ] ; then\n    # print error to STDERR\n    echo \"error: The sandbox is not in sync with the Podfile.lock. Run 'pod install' or update your CocoaPods installation.\" >&2\n    exit 1\nfi\n# This output is used by Xcode 'outputs' to avoid re-running this script phase.\necho \"SUCCESS\" > \"${SCRIPT_OUTPUT_FILE_0}\"\n";
			showEnvVarsInLog = 0;
		};
		525725422F906A3DF893C1F4 /* [CP] Embed Pods Frameworks */ = {
			isa = PBXShellScriptBuildPhase;
			buildActionMask = 2147483647;
			files = (
			);
			inputFileListPaths = (
			);
			inputPaths = (
				"${SRCROOT}/Pods/Target Support Files/Pods-Flanelinha/Pods-Flanelinha-frameworks.sh",
				"${BUILT_PRODUCTS_DIR}/GTMSessionFetcher/GTMSessionFetcher.framework",
				"${BUILT_PRODUCTS_DIR}/GoogleUtilities/GoogleUtilities.framework",
				"${BUILT_PRODUCTS_DIR}/MapboxDirections.swift/MapboxDirections.framework",
				"${BUILT_PRODUCTS_DIR}/MapboxGeocoder.swift/MapboxGeocoder.framework",
				"${BUILT_PRODUCTS_DIR}/Polyline/Polyline.framework",
				"${BUILT_PRODUCTS_DIR}/Tailor/Tailor.framework",
				"${BUILT_PRODUCTS_DIR}/leveldb-library/leveldb.framework",
				"${BUILT_PRODUCTS_DIR}/nanopb/nanopb.framework",
			);
			name = "[CP] Embed Pods Frameworks";
			outputFileListPaths = (
			);
			outputPaths = (
				"${TARGET_BUILD_DIR}/${FRAMEWORKS_FOLDER_PATH}/GTMSessionFetcher.framework",
				"${TARGET_BUILD_DIR}/${FRAMEWORKS_FOLDER_PATH}/GoogleUtilities.framework",
				"${TARGET_BUILD_DIR}/${FRAMEWORKS_FOLDER_PATH}/MapboxDirections.framework",
				"${TARGET_BUILD_DIR}/${FRAMEWORKS_FOLDER_PATH}/MapboxGeocoder.framework",
				"${TARGET_BUILD_DIR}/${FRAMEWORKS_FOLDER_PATH}/Polyline.framework",
				"${TARGET_BUILD_DIR}/${FRAMEWORKS_FOLDER_PATH}/Tailor.framework",
				"${TARGET_BUILD_DIR}/${FRAMEWORKS_FOLDER_PATH}/leveldb.framework",
				"${TARGET_BUILD_DIR}/${FRAMEWORKS_FOLDER_PATH}/nanopb.framework",
			);
			runOnlyForDeploymentPostprocessing = 0;
			shellPath = /bin/sh;
			shellScript = "\"${SRCROOT}/Pods/Target Support Files/Pods-Flanelinha/Pods-Flanelinha-frameworks.sh\"\n";
			showEnvVarsInLog = 0;
		};
		E878FBEA03C84E832CC55038 /* [CP] Check Pods Manifest.lock */ = {
			isa = PBXShellScriptBuildPhase;
			buildActionMask = 2147483647;
			files = (
			);
			inputFileListPaths = (
			);
			inputPaths = (
				"${PODS_PODFILE_DIR_PATH}/Podfile.lock",
				"${PODS_ROOT}/Manifest.lock",
			);
			name = "[CP] Check Pods Manifest.lock";
			outputFileListPaths = (
			);
			outputPaths = (
				"$(DERIVED_FILE_DIR)/Pods-Flanelinha-checkManifestLockResult.txt",
			);
			runOnlyForDeploymentPostprocessing = 0;
			shellPath = /bin/sh;
			shellScript = "diff \"${PODS_PODFILE_DIR_PATH}/Podfile.lock\" \"${PODS_ROOT}/Manifest.lock\" > /dev/null\nif [ $? != 0 ] ; then\n    # print error to STDERR\n    echo \"error: The sandbox is not in sync with the Podfile.lock. Run 'pod install' or update your CocoaPods installation.\" >&2\n    exit 1\nfi\n# This output is used by Xcode 'outputs' to avoid re-running this script phase.\necho \"SUCCESS\" > \"${SCRIPT_OUTPUT_FILE_0}\"\n";
			showEnvVarsInLog = 0;
		};
		F3D3A451ED4E2BE925AC97D0 /* [CP] Copy Pods Resources */ = {
			isa = PBXShellScriptBuildPhase;
			buildActionMask = 2147483647;
			files = (
			);
			inputFileListPaths = (
			);
			inputPaths = (
				"${SRCROOT}/Pods/Target Support Files/Pods-Flanelinha/Pods-Flanelinha-resources.sh",
				"${PODS_ROOT}/GoogleMaps/Maps/Frameworks/GoogleMaps.framework/Resources/GoogleMaps.bundle",
				"${PODS_ROOT}/GooglePlaces/Frameworks/GooglePlaces.framework/Resources/GooglePlaces.bundle",
			);
			name = "[CP] Copy Pods Resources";
			outputFileListPaths = (
			);
			outputPaths = (
				"${TARGET_BUILD_DIR}/${UNLOCALIZED_RESOURCES_FOLDER_PATH}/GoogleMaps.bundle",
				"${TARGET_BUILD_DIR}/${UNLOCALIZED_RESOURCES_FOLDER_PATH}/GooglePlaces.bundle",
			);
			runOnlyForDeploymentPostprocessing = 0;
			shellPath = /bin/sh;
			shellScript = "\"${SRCROOT}/Pods/Target Support Files/Pods-Flanelinha/Pods-Flanelinha-resources.sh\"\n";
			showEnvVarsInLog = 0;
		};
/* End PBXShellScriptBuildPhase section */

/* Begin PBXSourcesBuildPhase section */
		41AC3CA221A31E9300A32DCC /* Sources */ = {
			isa = PBXSourcesBuildPhase;
			buildActionMask = 2147483647;
			files = (
				416AFF1D21B9723C00F9E8B6 /* Player.swift in Sources */,
				41AC3CB221A31E9300A32DCC /* Flanelinha.xcdatamodeld in Sources */,
				4165DEB621AC80F800C74F2E /* LocationTableViewCell.swift in Sources */,
				413A796321AEFF22001D79DD /* Location.swift in Sources */,
				417453B921A85E9100918180 /* CurrentLocationMarkerView.swift in Sources */,
				41AC3CAC21A31E9300A32DCC /* MapViewController.swift in Sources */,
				416AFED021B8326200F9E8B6 /* ParkingCollectionViewCell.swift in Sources */,
				416AFF2121B9B40C00F9E8B6 /* PlayerMarkerView.swift in Sources */,
				419FF3E821A5E26200977C34 /* OptionCollectionViewCell.swift in Sources */,
				41AC3CAA21A31E9300A32DCC /* AppDelegate.swift in Sources */,
				41A4EFB921B1A97C00862F7A /* SelectedParkingMarkerView.swift in Sources */,
				417453BB21A883B400918180 /* ParkingMarkerView.swift in Sources */,
			);
			runOnlyForDeploymentPostprocessing = 0;
		};
		41AC3CB921A31E9600A32DCC /* Sources */ = {
			isa = PBXSourcesBuildPhase;
			buildActionMask = 2147483647;
			files = (
				41AC3CC221A31E9600A32DCC /* FlanelinhaTests.swift in Sources */,
			);
			runOnlyForDeploymentPostprocessing = 0;
		};
		41AC3CC421A31E9600A32DCC /* Sources */ = {
			isa = PBXSourcesBuildPhase;
			buildActionMask = 2147483647;
			files = (
				41AC3CCD21A31E9600A32DCC /* FlanelinhaUITests.swift in Sources */,
			);
			runOnlyForDeploymentPostprocessing = 0;
		};
/* End PBXSourcesBuildPhase section */

/* Begin PBXTargetDependency section */
		41AC3CBF21A31E9600A32DCC /* PBXTargetDependency */ = {
			isa = PBXTargetDependency;
			target = 41AC3CA521A31E9300A32DCC /* Flanelinha */;
			targetProxy = 41AC3CBE21A31E9600A32DCC /* PBXContainerItemProxy */;
		};
		41AC3CCA21A31E9600A32DCC /* PBXTargetDependency */ = {
			isa = PBXTargetDependency;
			target = 41AC3CA521A31E9300A32DCC /* Flanelinha */;
			targetProxy = 41AC3CC921A31E9600A32DCC /* PBXContainerItemProxy */;
		};
/* End PBXTargetDependency section */

/* Begin PBXVariantGroup section */
		41AC3CAD21A31E9300A32DCC /* Main.storyboard */ = {
			isa = PBXVariantGroup;
			children = (
				41AC3CAE21A31E9300A32DCC /* Base */,
			);
			name = Main.storyboard;
			sourceTree = "<group>";
		};
		41AC3CB521A31E9600A32DCC /* LaunchScreen.storyboard */ = {
			isa = PBXVariantGroup;
			children = (
				41AC3CB621A31E9600A32DCC /* Base */,
			);
			name = LaunchScreen.storyboard;
			sourceTree = "<group>";
		};
/* End PBXVariantGroup section */

/* Begin XCBuildConfiguration section */
		41AC3CCF21A31E9600A32DCC /* Debug */ = {
			isa = XCBuildConfiguration;
			buildSettings = {
				ALWAYS_SEARCH_USER_PATHS = NO;
				CLANG_ANALYZER_NONNULL = YES;
				CLANG_ANALYZER_NUMBER_OBJECT_CONVERSION = YES_AGGRESSIVE;
				CLANG_CXX_LANGUAGE_STANDARD = "gnu++14";
				CLANG_CXX_LIBRARY = "libc++";
				CLANG_ENABLE_MODULES = YES;
				CLANG_ENABLE_OBJC_ARC = YES;
				CLANG_ENABLE_OBJC_WEAK = YES;
				CLANG_WARN_BLOCK_CAPTURE_AUTORELEASING = YES;
				CLANG_WARN_BOOL_CONVERSION = YES;
				CLANG_WARN_COMMA = YES;
				CLANG_WARN_CONSTANT_CONVERSION = YES;
				CLANG_WARN_DEPRECATED_OBJC_IMPLEMENTATIONS = YES;
				CLANG_WARN_DIRECT_OBJC_ISA_USAGE = YES_ERROR;
				CLANG_WARN_DOCUMENTATION_COMMENTS = YES;
				CLANG_WARN_EMPTY_BODY = YES;
				CLANG_WARN_ENUM_CONVERSION = YES;
				CLANG_WARN_INFINITE_RECURSION = YES;
				CLANG_WARN_INT_CONVERSION = YES;
				CLANG_WARN_NON_LITERAL_NULL_CONVERSION = YES;
				CLANG_WARN_OBJC_IMPLICIT_RETAIN_SELF = YES;
				CLANG_WARN_OBJC_LITERAL_CONVERSION = YES;
				CLANG_WARN_OBJC_ROOT_CLASS = YES_ERROR;
				CLANG_WARN_RANGE_LOOP_ANALYSIS = YES;
				CLANG_WARN_STRICT_PROTOTYPES = YES;
				CLANG_WARN_SUSPICIOUS_MOVE = YES;
				CLANG_WARN_UNGUARDED_AVAILABILITY = YES_AGGRESSIVE;
				CLANG_WARN_UNREACHABLE_CODE = YES;
				CLANG_WARN__DUPLICATE_METHOD_MATCH = YES;
				CODE_SIGN_IDENTITY = "iPhone Developer";
				COPY_PHASE_STRIP = NO;
				DEBUG_INFORMATION_FORMAT = dwarf;
				ENABLE_STRICT_OBJC_MSGSEND = YES;
				ENABLE_TESTABILITY = YES;
				GCC_C_LANGUAGE_STANDARD = gnu11;
				GCC_DYNAMIC_NO_PIC = NO;
				GCC_NO_COMMON_BLOCKS = YES;
				GCC_OPTIMIZATION_LEVEL = 0;
				GCC_PREPROCESSOR_DEFINITIONS = (
					"DEBUG=1",
					"$(inherited)",
				);
				GCC_WARN_64_TO_32_BIT_CONVERSION = YES;
				GCC_WARN_ABOUT_RETURN_TYPE = YES_ERROR;
				GCC_WARN_UNDECLARED_SELECTOR = YES;
				GCC_WARN_UNINITIALIZED_AUTOS = YES_AGGRESSIVE;
				GCC_WARN_UNUSED_FUNCTION = YES;
				GCC_WARN_UNUSED_VARIABLE = YES;
				IPHONEOS_DEPLOYMENT_TARGET = 12.1;
				MTL_ENABLE_DEBUG_INFO = INCLUDE_SOURCE;
				MTL_FAST_MATH = YES;
				ONLY_ACTIVE_ARCH = YES;
				SDKROOT = iphoneos;
				SWIFT_ACTIVE_COMPILATION_CONDITIONS = DEBUG;
				SWIFT_OPTIMIZATION_LEVEL = "-Onone";
			};
			name = Debug;
		};
		41AC3CD021A31E9600A32DCC /* Release */ = {
			isa = XCBuildConfiguration;
			buildSettings = {
				ALWAYS_SEARCH_USER_PATHS = NO;
				CLANG_ANALYZER_NONNULL = YES;
				CLANG_ANALYZER_NUMBER_OBJECT_CONVERSION = YES_AGGRESSIVE;
				CLANG_CXX_LANGUAGE_STANDARD = "gnu++14";
				CLANG_CXX_LIBRARY = "libc++";
				CLANG_ENABLE_MODULES = YES;
				CLANG_ENABLE_OBJC_ARC = YES;
				CLANG_ENABLE_OBJC_WEAK = YES;
				CLANG_WARN_BLOCK_CAPTURE_AUTORELEASING = YES;
				CLANG_WARN_BOOL_CONVERSION = YES;
				CLANG_WARN_COMMA = YES;
				CLANG_WARN_CONSTANT_CONVERSION = YES;
				CLANG_WARN_DEPRECATED_OBJC_IMPLEMENTATIONS = YES;
				CLANG_WARN_DIRECT_OBJC_ISA_USAGE = YES_ERROR;
				CLANG_WARN_DOCUMENTATION_COMMENTS = YES;
				CLANG_WARN_EMPTY_BODY = YES;
				CLANG_WARN_ENUM_CONVERSION = YES;
				CLANG_WARN_INFINITE_RECURSION = YES;
				CLANG_WARN_INT_CONVERSION = YES;
				CLANG_WARN_NON_LITERAL_NULL_CONVERSION = YES;
				CLANG_WARN_OBJC_IMPLICIT_RETAIN_SELF = YES;
				CLANG_WARN_OBJC_LITERAL_CONVERSION = YES;
				CLANG_WARN_OBJC_ROOT_CLASS = YES_ERROR;
				CLANG_WARN_RANGE_LOOP_ANALYSIS = YES;
				CLANG_WARN_STRICT_PROTOTYPES = YES;
				CLANG_WARN_SUSPICIOUS_MOVE = YES;
				CLANG_WARN_UNGUARDED_AVAILABILITY = YES_AGGRESSIVE;
				CLANG_WARN_UNREACHABLE_CODE = YES;
				CLANG_WARN__DUPLICATE_METHOD_MATCH = YES;
				CODE_SIGN_IDENTITY = "iPhone Developer";
				COPY_PHASE_STRIP = NO;
				DEBUG_INFORMATION_FORMAT = "dwarf-with-dsym";
				ENABLE_NS_ASSERTIONS = NO;
				ENABLE_STRICT_OBJC_MSGSEND = YES;
				GCC_C_LANGUAGE_STANDARD = gnu11;
				GCC_NO_COMMON_BLOCKS = YES;
				GCC_WARN_64_TO_32_BIT_CONVERSION = YES;
				GCC_WARN_ABOUT_RETURN_TYPE = YES_ERROR;
				GCC_WARN_UNDECLARED_SELECTOR = YES;
				GCC_WARN_UNINITIALIZED_AUTOS = YES_AGGRESSIVE;
				GCC_WARN_UNUSED_FUNCTION = YES;
				GCC_WARN_UNUSED_VARIABLE = YES;
				IPHONEOS_DEPLOYMENT_TARGET = 12.1;
				MTL_ENABLE_DEBUG_INFO = NO;
				MTL_FAST_MATH = YES;
				SDKROOT = iphoneos;
				SWIFT_COMPILATION_MODE = wholemodule;
				SWIFT_OPTIMIZATION_LEVEL = "-O";
				VALIDATE_PRODUCT = YES;
			};
			name = Release;
		};
		41AC3CD221A31E9600A32DCC /* Debug */ = {
			isa = XCBuildConfiguration;
			baseConfigurationReference = AF2E9D15651F0D86B54171D7 /* Pods-Flanelinha.debug.xcconfig */;
			buildSettings = {
				ASSETCATALOG_COMPILER_APPICON_NAME = AppIcon;
				CODE_SIGN_STYLE = Automatic;
				DEVELOPMENT_TEAM = LFG72U4M9F;
				INFOPLIST_FILE = Flanelinha/Info.plist;
				LD_RUNPATH_SEARCH_PATHS = (
					"$(inherited)",
					"@executable_path/Frameworks",
				);
				PRODUCT_BUNDLE_IDENTIFIER = com.raulvbrito.Flanelinha;
				PRODUCT_NAME = "$(TARGET_NAME)";
				SWIFT_VERSION = 4.2;
				TARGETED_DEVICE_FAMILY = "1,2";
			};
			name = Debug;
		};
		41AC3CD321A31E9600A32DCC /* Release */ = {
			isa = XCBuildConfiguration;
			baseConfigurationReference = D6E420A168A2B7C183C9EA1E /* Pods-Flanelinha.release.xcconfig */;
			buildSettings = {
				ASSETCATALOG_COMPILER_APPICON_NAME = AppIcon;
				CODE_SIGN_STYLE = Automatic;
				DEVELOPMENT_TEAM = LFG72U4M9F;
				INFOPLIST_FILE = Flanelinha/Info.plist;
				LD_RUNPATH_SEARCH_PATHS = (
					"$(inherited)",
					"@executable_path/Frameworks",
				);
				PRODUCT_BUNDLE_IDENTIFIER = com.raulvbrito.Flanelinha;
				PRODUCT_NAME = "$(TARGET_NAME)";
				SWIFT_VERSION = 4.2;
				TARGETED_DEVICE_FAMILY = "1,2";
			};
			name = Release;
		};
		41AC3CD521A31E9700A32DCC /* Debug */ = {
			isa = XCBuildConfiguration;
			baseConfigurationReference = D2F42054B8B0BA09B666F573 /* Pods-FlanelinhaTests.debug.xcconfig */;
			buildSettings = {
				ALWAYS_EMBED_SWIFT_STANDARD_LIBRARIES = YES;
				BUNDLE_LOADER = "$(TEST_HOST)";
				CODE_SIGN_STYLE = Automatic;
				DEVELOPMENT_TEAM = 4QDFB98CYU;
				INFOPLIST_FILE = FlanelinhaTests/Info.plist;
				LD_RUNPATH_SEARCH_PATHS = (
					"$(inherited)",
					"@executable_path/Frameworks",
					"@loader_path/Frameworks",
				);
				PRODUCT_BUNDLE_IDENTIFIER = com.raulvbrito.FlanelinhaTests;
				PRODUCT_NAME = "$(TARGET_NAME)";
				SWIFT_VERSION = 4.2;
				TARGETED_DEVICE_FAMILY = "1,2";
				TEST_HOST = "$(BUILT_PRODUCTS_DIR)/Flanelinha.app/Flanelinha";
			};
			name = Debug;
		};
		41AC3CD621A31E9700A32DCC /* Release */ = {
			isa = XCBuildConfiguration;
			baseConfigurationReference = 6CD165B221721F1C8A824748 /* Pods-FlanelinhaTests.release.xcconfig */;
			buildSettings = {
				ALWAYS_EMBED_SWIFT_STANDARD_LIBRARIES = YES;
				BUNDLE_LOADER = "$(TEST_HOST)";
				CODE_SIGN_STYLE = Automatic;
				DEVELOPMENT_TEAM = 4QDFB98CYU;
				INFOPLIST_FILE = FlanelinhaTests/Info.plist;
				LD_RUNPATH_SEARCH_PATHS = (
					"$(inherited)",
					"@executable_path/Frameworks",
					"@loader_path/Frameworks",
				);
				PRODUCT_BUNDLE_IDENTIFIER = com.raulvbrito.FlanelinhaTests;
				PRODUCT_NAME = "$(TARGET_NAME)";
				SWIFT_VERSION = 4.2;
				TARGETED_DEVICE_FAMILY = "1,2";
				TEST_HOST = "$(BUILT_PRODUCTS_DIR)/Flanelinha.app/Flanelinha";
			};
			name = Release;
		};
		41AC3CD821A31E9700A32DCC /* Debug */ = {
			isa = XCBuildConfiguration;
			baseConfigurationReference = 525DE51CA4A592D4C6912BBB /* Pods-FlanelinhaUITests.debug.xcconfig */;
			buildSettings = {
				ALWAYS_EMBED_SWIFT_STANDARD_LIBRARIES = YES;
				CODE_SIGN_STYLE = Automatic;
				DEVELOPMENT_TEAM = 4QDFB98CYU;
				INFOPLIST_FILE = FlanelinhaUITests/Info.plist;
				LD_RUNPATH_SEARCH_PATHS = (
					"$(inherited)",
					"@executable_path/Frameworks",
					"@loader_path/Frameworks",
				);
				PRODUCT_BUNDLE_IDENTIFIER = com.raulvbrito.FlanelinhaUITests;
				PRODUCT_NAME = "$(TARGET_NAME)";
				SWIFT_VERSION = 4.2;
				TARGETED_DEVICE_FAMILY = "1,2";
				TEST_TARGET_NAME = Flanelinha;
			};
			name = Debug;
		};
		41AC3CD921A31E9700A32DCC /* Release */ = {
			isa = XCBuildConfiguration;
			baseConfigurationReference = D334531E1486521C0BABF253 /* Pods-FlanelinhaUITests.release.xcconfig */;
			buildSettings = {
				ALWAYS_EMBED_SWIFT_STANDARD_LIBRARIES = YES;
				CODE_SIGN_STYLE = Automatic;
				DEVELOPMENT_TEAM = 4QDFB98CYU;
				INFOPLIST_FILE = FlanelinhaUITests/Info.plist;
				LD_RUNPATH_SEARCH_PATHS = (
					"$(inherited)",
					"@executable_path/Frameworks",
					"@loader_path/Frameworks",
				);
				PRODUCT_BUNDLE_IDENTIFIER = com.raulvbrito.FlanelinhaUITests;
				PRODUCT_NAME = "$(TARGET_NAME)";
				SWIFT_VERSION = 4.2;
				TARGETED_DEVICE_FAMILY = "1,2";
				TEST_TARGET_NAME = Flanelinha;
			};
			name = Release;
		};
/* End XCBuildConfiguration section */

/* Begin XCConfigurationList section */
		41AC3CA121A31E9300A32DCC /* Build configuration list for PBXProject "Flanelinha" */ = {
			isa = XCConfigurationList;
			buildConfigurations = (
				41AC3CCF21A31E9600A32DCC /* Debug */,
				41AC3CD021A31E9600A32DCC /* Release */,
			);
			defaultConfigurationIsVisible = 0;
			defaultConfigurationName = Release;
		};
		41AC3CD121A31E9600A32DCC /* Build configuration list for PBXNativeTarget "Flanelinha" */ = {
			isa = XCConfigurationList;
			buildConfigurations = (
				41AC3CD221A31E9600A32DCC /* Debug */,
				41AC3CD321A31E9600A32DCC /* Release */,
			);
			defaultConfigurationIsVisible = 0;
			defaultConfigurationName = Release;
		};
		41AC3CD421A31E9700A32DCC /* Build configuration list for PBXNativeTarget "FlanelinhaTests" */ = {
			isa = XCConfigurationList;
			buildConfigurations = (
				41AC3CD521A31E9700A32DCC /* Debug */,
				41AC3CD621A31E9700A32DCC /* Release */,
			);
			defaultConfigurationIsVisible = 0;
			defaultConfigurationName = Release;
		};
		41AC3CD721A31E9700A32DCC /* Build configuration list for PBXNativeTarget "FlanelinhaUITests" */ = {
			isa = XCConfigurationList;
			buildConfigurations = (
				41AC3CD821A31E9700A32DCC /* Debug */,
				41AC3CD921A31E9700A32DCC /* Release */,
			);
			defaultConfigurationIsVisible = 0;
			defaultConfigurationName = Release;
		};
/* End XCConfigurationList section */

/* Begin XCVersionGroup section */
		41AC3CB021A31E9300A32DCC /* Flanelinha.xcdatamodeld */ = {
			isa = XCVersionGroup;
			children = (
				41AC3CB121A31E9300A32DCC /* Flanelinha.xcdatamodel */,
			);
			currentVersion = 41AC3CB121A31E9300A32DCC /* Flanelinha.xcdatamodel */;
			path = Flanelinha.xcdatamodeld;
			sourceTree = "<group>";
			versionGroupType = wrapper.xcdatamodel;
		};
/* End XCVersionGroup section */
	};
	rootObject = 41AC3C9E21A31E9300A32DCC /* Project object */;
}
